
Microsoft Visual Studio Solution File, Format Version 12.00
# Visual Studio Version 17
VisualStudioVersion = 17.9.34728.123
MinimumVisualStudioVersion = 10.0.40219.1
Project("{FAE04EC0-301F-11D3-BF4B-00C04F79EFBC}") = "WebAzureDemoApplication", "WebAzureDemoApplication\WebAzureDemoApplication.csproj", "{C34A4C44-1F74-45CD-8FEA-7F9DB73E5564}"
EndProject
Global
	GlobalSection(SolutionConfigurationPlatforms) = preSolution
		Debug|Any CPU = Debug|Any CPU
		Release|Any CPU = Release|Any CPU
	EndGlobalSection
	GlobalSection(ProjectConfigurationPlatforms) = postSolution
		{C34A4C44-1F74-45CD-8FEA-7F9DB73E5564}.Debug|Any CPU.ActiveCfg = Debug|Any CPU
		{C34A4C44-1F74-45CD-8FEA-7F9DB73E5564}.Debug|Any CPU.Build.0 = Debug|Any CPU
		{C34A4C44-1F74-45CD-8FEA-7F9DB73E5564}.Release|Any CPU.ActiveCfg = Release|Any CPU
		{C34A4C44-1F74-45CD-8FEA-7F9DB73E5564}.Release|Any CPU.Build.0 = Release|Any CPU
	EndGlobalSection
	GlobalSection(SolutionProperties) = preSolution
		HideSolutionNode = FALSE
	EndGlobalSection
	GlobalSection(ExtensibilityGlobals) = postSolution
		SolutionGuid = {B7131D8D-4F13-44B3-8A16-DA571952E963}
	EndGlobalSection
EndGlobal
